
Microsoft Visual Studio Solution File, Format Version 12.00
# Visual Studio 15
VisualStudioVersion = 15.0.27428.2037
MinimumVisualStudioVersion = 10.0.40219.1
Project("{00D1A9C2-B5F0-4AF3-8072-F6C62B433612}") = "DnDGuildDB", "DnDGuildDB\DnDGuildDB.sqlproj", "{48993784-525F-4FE7-8D3C-2EE695720434}"
EndProject
Project("{FAE04EC0-301F-11D3-BF4B-00C04F79EFBC}") = "DnDGuildAPI", "DnDGuildAPI\DnDGuildAPI.csproj", "{1748D3F3-F3F0-418A-B74C-4E1B9DEE4BDC}"
EndProject
Global
	GlobalSection(SolutionConfigurationPlatforms) = preSolution
		Debug|Any CPU = Debug|Any CPU
		Release|Any CPU = Release|Any CPU
	EndGlobalSection
	GlobalSection(ProjectConfigurationPlatforms) = postSolution
		{48993784-525F-4FE7-8D3C-2EE695720434}.Debug|Any CPU.ActiveCfg = Debug|Any CPU
		{48993784-525F-4FE7-8D3C-2EE695720434}.Debug|Any CPU.Build.0 = Debug|Any CPU
		{48993784-525F-4FE7-8D3C-2EE695720434}.Debug|Any CPU.Deploy.0 = Debug|Any CPU
		{48993784-525F-4FE7-8D3C-2EE695720434}.Release|Any CPU.ActiveCfg = Release|Any CPU
		{48993784-525F-4FE7-8D3C-2EE695720434}.Release|Any CPU.Build.0 = Release|Any CPU
		{48993784-525F-4FE7-8D3C-2EE695720434}.Release|Any CPU.Deploy.0 = Release|Any CPU
		{1748D3F3-F3F0-418A-B74C-4E1B9DEE4BDC}.Debug|Any CPU.ActiveCfg = Debug|Any CPU
		{1748D3F3-F3F0-418A-B74C-4E1B9DEE4BDC}.Debug|Any CPU.Build.0 = Debug|Any CPU
		{1748D3F3-F3F0-418A-B74C-4E1B9DEE4BDC}.Release|Any CPU.ActiveCfg = Release|Any CPU
		{1748D3F3-F3F0-418A-B74C-4E1B9DEE4BDC}.Release|Any CPU.Build.0 = Release|Any CPU
	EndGlobalSection
	GlobalSection(SolutionProperties) = preSolution
		HideSolutionNode = FALSE
	EndGlobalSection
	GlobalSection(ExtensibilityGlobals) = postSolution
		SolutionGuid = {35D62DCF-7452-4DD2-98A4-775FD793F49A}
	EndGlobalSection
EndGlobal
